
Microsoft Visual Studio Solution File, Format Version 12.00
# Visual Studio Version 17
VisualStudioVersion = 17.12.35527.113
MinimumVisualStudioVersion = 10.0.40219.1
Project("{9A19103F-16F7-4668-BE54-9A1E7A4F7556}") = "ReservationApp", "ReservationApp.csproj", "{11DC888C-AAAF-4234-A3EA-9E6C4DAF4796}"
EndProject
Project("{FAE04EC0-301F-11D3-BF4B-00C04F79EFBC}") = "ReservationApp.Data", "ReservationApp.Data\ReservationApp.Data.csproj", "{4F5D4671-D021-49F9-A31C-4A7BBCF0CFDA}"
EndProject
Project("{FAE04EC0-301F-11D3-BF4B-00C04F79EFBC}") = "ReservationApp.Models", "ReservationApp.Models\ReservationApp.Models.csproj", "{A58DB6B4-C879-4896-B8AA-5D1A012D64C8}"
EndProject
Project("{FAE04EC0-301F-11D3-BF4B-00C04F79EFBC}") = "ReservationApp.Utility", "ReservationApp.Utility\ReservationApp.Utility.csproj", "{ADFD5941-29FE-4986-BDE0-948223078CA9}"
EndProject
Global
	GlobalSection(SolutionConfigurationPlatforms) = preSolution
		Debug|Any CPU = Debug|Any CPU
		Release|Any CPU = Release|Any CPU
	EndGlobalSection
	GlobalSection(ProjectConfigurationPlatforms) = postSolution
		{11DC888C-AAAF-4234-A3EA-9E6C4DAF4796}.Debug|Any CPU.ActiveCfg = Debug|Any CPU
		{11DC888C-AAAF-4234-A3EA-9E6C4DAF4796}.Debug|Any CPU.Build.0 = Debug|Any CPU
		{11DC888C-AAAF-4234-A3EA-9E6C4DAF4796}.Release|Any CPU.ActiveCfg = Release|Any CPU
		{11DC888C-AAAF-4234-A3EA-9E6C4DAF4796}.Release|Any CPU.Build.0 = Release|Any CPU
		{4F5D4671-D021-49F9-A31C-4A7BBCF0CFDA}.Debug|Any CPU.ActiveCfg = Debug|Any CPU
		{4F5D4671-D021-49F9-A31C-4A7BBCF0CFDA}.Debug|Any CPU.Build.0 = Debug|Any CPU
		{4F5D4671-D021-49F9-A31C-4A7BBCF0CFDA}.Release|Any CPU.ActiveCfg = Release|Any CPU
		{4F5D4671-D021-49F9-A31C-4A7BBCF0CFDA}.Release|Any CPU.Build.0 = Release|Any CPU
		{A58DB6B4-C879-4896-B8AA-5D1A012D64C8}.Debug|Any CPU.ActiveCfg = Debug|Any CPU
		{A58DB6B4-C879-4896-B8AA-5D1A012D64C8}.Debug|Any CPU.Build.0 = Debug|Any CPU
		{A58DB6B4-C879-4896-B8AA-5D1A012D64C8}.Release|Any CPU.ActiveCfg = Release|Any CPU
		{A58DB6B4-C879-4896-B8AA-5D1A012D64C8}.Release|Any CPU.Build.0 = Release|Any CPU
		{ADFD5941-29FE-4986-BDE0-948223078CA9}.Debug|Any CPU.ActiveCfg = Debug|Any CPU
		{ADFD5941-29FE-4986-BDE0-948223078CA9}.Debug|Any CPU.Build.0 = Debug|Any CPU
		{ADFD5941-29FE-4986-BDE0-948223078CA9}.Release|Any CPU.ActiveCfg = Release|Any CPU
		{ADFD5941-29FE-4986-BDE0-948223078CA9}.Release|Any CPU.Build.0 = Release|Any CPU
	EndGlobalSection
	GlobalSection(SolutionProperties) = preSolution
		HideSolutionNode = FALSE
	EndGlobalSection
	GlobalSection(ExtensibilityGlobals) = postSolution
		SolutionGuid = {BFF8C6B8-EEBB-4EF9-A636-265C94F5A4AB}
	EndGlobalSection
EndGlobal
